{
  "originHash" : "a3bcaa15a454fa7370ad47de0b4a365f92876b40d5fa0a3e490eb29c4688cd7b",
  "pins" : [
    {
      "identity" : "purchases-ios-spm",
      "kind" : "remoteSourceControl",
      "location" : "https://github.com/RevenueCat/purchases-ios-spm",
      "state" : {
        "revision" : "92e2804a6b84b3b7ce60bfe7e9ff63dc9524ef5b",
        "version" : "5.76.0"
      }
    }
  ],
  "version" : 3
}
